
Microsoft Visual Studio Solution File, Format Version 12.00
Project("{FAE04EC0-301F-11D3-BF4B-00C04F79EFBC}") = "PasswordValidation", "PasswordValidation\PasswordValidation.csproj", "{864F3DFC-743F-4B33-8D60-97BDB1533340}"
EndProject
Project("{FAE04EC0-301F-11D3-BF4B-00C04F79EFBC}") = "PasswordValidation.Tests", "PasswordValidation.Tests\PasswordValidation.Tests.csproj", "{37BFBED1-2991-4BAC-9A74-E5C8F7E94E70}"
EndProject
Global
	GlobalSection(SolutionConfigurationPlatforms) = preSolution
		Debug|Any CPU = Debug|Any CPU
		Release|Any CPU = Release|Any CPU
	EndGlobalSection
	GlobalSection(ProjectConfigurationPlatforms) = postSolution
		{864F3DFC-743F-4B33-8D60-97BDB1533340}.Debug|Any CPU.ActiveCfg = Debug|Any CPU
		{864F3DFC-743F-4B33-8D60-97BDB1533340}.Debug|Any CPU.Build.0 = Debug|Any CPU
		{864F3DFC-743F-4B33-8D60-97BDB1533340}.Release|Any CPU.ActiveCfg = Release|Any CPU
		{864F3DFC-743F-4B33-8D60-97BDB1533340}.Release|Any CPU.Build.0 = Release|Any CPU
		{37BFBED1-2991-4BAC-9A74-E5C8F7E94E70}.Debug|Any CPU.ActiveCfg = Debug|Any CPU
		{37BFBED1-2991-4BAC-9A74-E5C8F7E94E70}.Debug|Any CPU.Build.0 = Debug|Any CPU
		{37BFBED1-2991-4BAC-9A74-E5C8F7E94E70}.Release|Any CPU.ActiveCfg = Release|Any CPU
		{37BFBED1-2991-4BAC-9A74-E5C8F7E94E70}.Release|Any CPU.Build.0 = Release|Any CPU
	EndGlobalSection
EndGlobal
